// !$*UTF8*$!
{
	archiveVersion = 1;
	classes = {
	};
	objectVersion = 55;
	objects = {

/* Begin PBXBuildFile section */
		4A982C4B27C5EE83006BF17B /* weatherApp.swift in Sources */ = {isa = PBXBuildFile; fileRef = 4A982C4A27C5EE83006BF17B /* weatherApp.swift */; };
		4A982C4D27C5EE83006BF17B /* ContentView.swift in Sources */ = {isa = PBXBuildFile; fileRef = 4A982C4C27C5EE83006BF17B /* ContentView.swift */; };
		4A982C4F27C5EE85006BF17B /* Assets.xcassets in Resources */ = {isa = PBXBuildFile; fileRef = 4A982C4E27C5EE85006BF17B /* Assets.xcassets */; };
		4A982C5227C5EE85006BF17B /* Preview Assets.xcassets in Resources */ = {isa = PBXBuildFile; fileRef = 4A982C5127C5EE85006BF17B /* Preview Assets.xcassets */; };
		4A982C5C27C5EE85006BF17B /* weatherTests.swift in Sources */ = {isa = PBXBuildFile; fileRef = 4A982C5B27C5EE85006BF17B /* weatherTests.swift */; };
		4A982C6627C5EE85006BF17B /* weatherUITests.swift in Sources */ = {isa = PBXBuildFile; fileRef = 4A982C6527C5EE85006BF17B /* weatherUITests.swift */; };
		4A982C6827C5EE85006BF17B /* weatherUITestsLaunchTests.swift in Sources */ = {isa = PBXBuildFile; fileRef = 4A982C6727C5EE85006BF17B /* weatherUITestsLaunchTests.swift */; };
		4A982C7527C5EF38006BF17B /* WeatherRow.swift in Sources */ = {isa = PBXBuildFile; fileRef = 4A982C7427C5EF38006BF17B /* WeatherRow.swift */; };
		4A982C7A27C5EFDA006BF17B /* DataModel.swift in Sources */ = {isa = PBXBuildFile; fileRef = 4A982C7927C5EFDA006BF17B /* DataModel.swift */; };
		4AFDEBE327CA42DF00B52A80 /* DetailView.swift in Sources */ = {isa = PBXBuildFile; fileRef = 4AFDEBE227CA42DF00B52A80 /* DetailView.swift */; };
/* End PBXBuildFile section */

/* Begin PBXContainerItemProxy section */
		4A982C5827C5EE85006BF17B /* PBXContainerItemProxy */ = {
			isa = PBXContainerItemProxy;
			containerPortal = 4A982C3F27C5EE83006BF17B /* Project object */;
			proxyType = 1;
			remoteGlobalIDString = 4A982C4627C5EE83006BF17B;
			remoteInfo = weather;
		};
		4A982C6227C5EE85006BF17B /* PBXContainerItemProxy */ = {
			isa = PBXContainerItemProxy;
			containerPortal = 4A982C3F27C5EE83006BF17B /* Project object */;
			proxyType = 1;
			remoteGlobalIDString = 4A982C4627C5EE83006BF17B;
			remoteInfo = weather;
		};
/* End PBXContainerItemProxy section */

/* Begin PBXFileReference section */
		4A982C4727C5EE83006BF17B /* weather.app */ = {isa = PBXFileReference; explicitFileType = wrapper.application; includeInIndex = 0; path = weather.app; sourceTree = BUILT_PRODUCTS_DIR; };
		4A982C4A27C5EE83006BF17B /* weatherApp.swift */ = {isa = PBXFileReference; lastKnownFileType = sourcecode.swift; path = weatherApp.swift; sourceTree = "<group>"; };
		4A982C4C27C5EE83006BF17B /* ContentView.swift */ = {isa = PBXFileReference; lastKnownFileType = sourcecode.swift; path = ContentView.swift; sourceTree = "<group>"; };
		4A982C4E27C5EE85006BF17B /* Assets.xcassets */ = {isa = PBXFileReference; lastKnownFileType = folder.assetcatalog; path = Assets.xcassets; sourceTree = "<group>"; };
		4A982C5127C5EE85006BF17B /* Preview Assets.xcassets */ = {isa = PBXFileReference; lastKnownFileType = folder.assetcatalog; path = "Preview Assets.xcassets"; sourceTree = "<group>"; };
		4A982C5727C5EE85006BF17B /* weatherTests.xctest */ = {isa = PBXFileReference; explicitFileType = wrapper.cfbundle; includeInIndex = 0; path = weatherTests.xctest; sourceTree = BUILT_PRODUCTS_DIR; };
		4A982C5B27C5EE85006BF17B /* weatherTests.swift */ = {isa = PBXFileReference; lastKnownFileType = sourcecode.swift; path = weatherTests.swift; sourceTree = "<group>"; };
		4A982C6127C5EE85006BF17B /* weatherUITests.xctest */ = {isa = PBXFileReference; explicitFileType = wrapper.cfbundle; includeInIndex = 0; path = weatherUITests.xctest; sourceTree = BUILT_PRODUCTS_DIR; };
		4A982C6527C5EE85006BF17B /* weatherUITests.swift */ = {isa = PBXFileReference; lastKnownFileType = sourcecode.swift; path = weatherUITests.swift; sourceTree = "<group>"; };
		4A982C6727C5EE85006BF17B /* weatherUITestsLaunchTests.swift */ = {isa = PBXFileReference; lastKnownFileType = sourcecode.swift; path = weatherUITestsLaunchTests.swift; sourceTree = "<group>"; };
		4A982C7427C5EF38006BF17B /* WeatherRow.swift */ = {isa = PBXFileReference; lastKnownFileType = sourcecode.swift; path = WeatherRow.swift; sourceTree = "<group>"; };
		4A982C7927C5EFDA006BF17B /* DataModel.swift */ = {isa = PBXFileReference; lastKnownFileType = sourcecode.swift; path = DataModel.swift; sourceTree = "<group>"; };
		4AFDEBE227CA42DF00B52A80 /* DetailView.swift */ = {isa = PBXFileReference; lastKnownFileType = sourcecode.swift; path = DetailView.swift; sourceTree = "<group>"; };
/* End PBXFileReference section */

/* Begin PBXFrameworksBuildPhase section */
		4A982C4427C5EE83006BF17B /* Frameworks */ = {
			isa = PBXFrameworksBuildPhase;
			buildActionMask = 2147483647;
			files = (
			);
			runOnlyForDeploymentPostprocessing = 0;
		};
		4A982C5427C5EE85006BF17B /* Frameworks */ = {
			isa = PBXFrameworksBuildPhase;
			buildActionMask = 2147483647;
			files = (
			);
			runOnlyForDeploymentPostprocessing = 0;
		};
		4A982C5E27C5EE85006BF17B /* Frameworks */ = {
			isa = PBXFrameworksBuildPhase;
			buildActionMask = 2147483647;
			files = (
			);
			runOnlyForDeploymentPostprocessing = 0;
		};
/* End PBXFrameworksBuildPhase section */

/* Begin PBXGroup section */
		4A982C3E27C5EE83006BF17B = {
			isa = PBXGroup;
			children = (
				4A982C4927C5EE83006BF17B /* weather */,
				4A982C5A27C5EE85006BF17B /* weatherTests */,
				4A982C6427C5EE85006BF17B /* weatherUITests */,
				4A982C4827C5EE83006BF17B /* Products */,
			);
			sourceTree = "<group>";
		};
		4A982C4827C5EE83006BF17B /* Products */ = {
			isa = PBXGroup;
			children = (
				4A982C4727C5EE83006BF17B /* weather.app */,
				4A982C5727C5EE85006BF17B /* weatherTests.xctest */,
				4A982C6127C5EE85006BF17B /* weatherUITests.xctest */,
			);
			name = Products;
			sourceTree = "<group>";
		};
		4A982C4927C5EE83006BF17B /* weather */ = {
			isa = PBXGroup;
			children = (
				4A982C4A27C5EE83006BF17B /* weatherApp.swift */,
				4A982C4C27C5EE83006BF17B /* ContentView.swift */,
				4AFDEBE227CA42DF00B52A80 /* DetailView.swift */,
				4A982C7427C5EF38006BF17B /* WeatherRow.swift */,
				4A982C7927C5EFDA006BF17B /* DataModel.swift */,
				4A982C4E27C5EE85006BF17B /* Assets.xcassets */,
				4A982C5027C5EE85006BF17B /* Preview Content */,
			);
			path = weather;
			sourceTree = "<group>";
		};
		4A982C5027C5EE85006BF17B /* Preview Content */ = {
			isa = PBXGroup;
			children = (
				4A982C5127C5EE85006BF17B /* Preview Assets.xcassets */,
			);
			path = "Preview Content";
			sourceTree = "<group>";
		};
		4A982C5A27C5EE85006BF17B /* weatherTests */ = {
			isa = PBXGroup;
			children = (
				4A982C5B27C5EE85006BF17B /* weatherTests.swift */,
			);
			path = weatherTests;
			sourceTree = "<group>";
		};
		4A982C6427C5EE85006BF17B /* weatherUITests */ = {
			isa = PBXGroup;
			children = (
				4A982C6527C5EE85006BF17B /* weatherUITests.swift */,
				4A982C6727C5EE85006BF17B /* weatherUITestsLaunchTests.swift */,
			);
			path = weatherUITests;
			sourceTree = "<group>";
		};
/* End PBXGroup section */

/* Begin PBXNativeTarget section */
		4A982C4627C5EE83006BF17B /* weather */ = {
			isa = PBXNativeTarget;
			buildConfigurationList = 4A982C6B27C5EE85006BF17B /* Build configuration list for PBXNativeTarget "weather" */;
			buildPhases = (
				4A982C4327C5EE83006BF17B /* Sources */,
				4A982C4427C5EE83006BF17B /* Frameworks */,
				4A982C4527C5EE83006BF17B /* Resources */,
			);
			buildRules = (
			);
			dependencies = (
			);
			name = weather;
			productName = weather;
			productReference = 4A982C4727C5EE83006BF17B /* weather.app */;
			productType = "com.apple.product-type.application";
		};
		4A982C5627C5EE85006BF17B /* weatherTests */ = {
			isa = PBXNativeTarget;
			buildConfigurationList = 4A982C6E27C5EE85006BF17B /* Build configuration list for PBXNativeTarget "weatherTests" */;
			buildPhases = (
				4A982C5327C5EE85006BF17B /* Sources */,
				4A982C5427C5EE85006BF17B /* Frameworks */,
				4A982C5527C5EE85006BF17B /* Resources */,
			);
			buildRules = (
			);
			dependencies = (
				4A982C5927C5EE85006BF17B /* PBXTargetDependency */,
			);
			name = weatherTests;
			productName = weatherTests;
			productReference = 4A982C5727C5EE85006BF17B /* weatherTests.xctest */;
			productType = "com.apple.product-type.bundle.unit-test";
		};
		4A982C6027C5EE85006BF17B /* weatherUITests */ = {
			isa = PBXNativeTarget;
			buildConfigurationList = 4A982C7127C5EE85006BF17B /* Build configuration list for PBXNativeTarget "weatherUITests" */;
			buildPhases = (
				4A982C5D27C5EE85006BF17B /* Sources */,
				4A982C5E27C5EE85006BF17B /* Frameworks */,
				4A982C5F27C5EE85006BF17B /* Resources */,
			);
			buildRules = (
			);
			dependencies = (
				4A982C6327C5EE85006BF17B /* PBXTargetDependency */,
			);
			name = weatherUITests;
			productName = weatherUITests;
			productReference = 4A982C6127C5EE85006BF17B /* weatherUITests.xctest */;
			productType = "com.apple.product-type.bundle.ui-testing";
		};
/* End PBXNativeTarget section */

/* Begin PBXProject section */
		4A982C3F27C5EE83006BF17B /* Project object */ = {
			isa = PBXProject;
			attributes = {
				BuildIndependentTargetsInParallel = 1;
				LastSwiftUpdateCheck = 1320;
				LastUpgradeCheck = 1320;
				TargetAttributes = {
					4A982C4627C5EE83006BF17B = {
						CreatedOnToolsVersion = 13.2.1;
					};
					4A982C5627C5EE85006BF17B = {
						CreatedOnToolsVersion = 13.2.1;
						TestTargetID = 4A982C4627C5EE83006BF17B;
					};
					4A982C6027C5EE85006BF17B = {
						CreatedOnToolsVersion = 13.2.1;
						TestTargetID = 4A982C4627C5EE83006BF17B;
					};
				};
			};
			buildConfigurationList = 4A982C4227C5EE83006BF17B /* Build configuration list for PBXProject "weather" */;
			compatibilityVersion = "Xcode 13.0";
			developmentRegion = en;
			hasScannedForEncodings = 0;
			knownRegions = (
				en,
				Base,
			);
			mainGroup = 4A982C3E27C5EE83006BF17B;
			productRefGroup = 4A982C4827C5EE83006BF17B /* Products */;
			projectDirPath = "";
			projectRoot = "";
			targets = (
				4A982C4627C5EE83006BF17B /* weather */,
				4A982C5627C5EE85006BF17B /* weatherTests */,
				4A982C6027C5EE85006BF17B /* weatherUITests */,
			);
		};
/* End PBXProject section */

/* Begin PBXResourcesBuildPhase section */
		4A982C4527C5EE83006BF17B /* Resources */ = {
			isa = PBXResourcesBuildPhase;
			buildActionMask = 2147483647;
			files = (
				4A982C5227C5EE85006BF17B /* Preview Assets.xcassets in Resources */,
				4A982C4F27C5EE85006BF17B /* Assets.xcassets in Resources */,
			);
			runOnlyForDeploymentPostprocessing = 0;
		};
		4A982C5527C5EE85006BF17B /* Resources */ = {
			isa = PBXResourcesBuildPhase;
			buildActionMask = 2147483647;
			files = (
			);
			runOnlyForDeploymentPostprocessing = 0;
		};
		4A982C5F27C5EE85006BF17B /* Resources */ = {
			isa = PBXResourcesBuildPhase;
			buildActionMask = 2147483647;
			files = (
			);
			runOnlyForDeploymentPostprocessing = 0;
		};
/* End PBXResourcesBuildPhase section */

/* Begin PBXSourcesBuildPhase section */
		4A982C4327C5EE83006BF17B /* Sources */ = {
			isa = PBXSourcesBuildPhase;
			buildActionMask = 2147483647;
			files = (
				4A982C7527C5EF38006BF17B /* WeatherRow.swift in Sources */,
				4A982C7A27C5EFDA006BF17B /* DataModel.swift in Sources */,
				4A982C4D27C5EE83006BF17B /* ContentView.swift in Sources */,
				4AFDEBE327CA42DF00B52A80 /* DetailView.swift in Sources */,
				4A982C4B27C5EE83006BF17B /* weatherApp.swift in Sources */,
			);
			runOnlyForDeploymentPostprocessing = 0;
		};
		4A982C5327C5EE85006BF17B /* Sources */ = {
			isa = PBXSourcesBuildPhase;
			buildActionMask = 2147483647;
			files = (
				4A982C5C27C5EE85006BF17B /* weatherTests.swift in Sources */,
			);
			runOnlyForDeploymentPostprocessing = 0;
		};
		4A982C5D27C5EE85006BF17B /* Sources */ = {
			isa = PBXSourcesBuildPhase;
			buildActionMask = 2147483647;
			files = (
				4A982C6627C5EE85006BF17B /* weatherUITests.swift in Sources */,
				4A982C6827C5EE85006BF17B /* weatherUITestsLaunchTests.swift in Sources */,
			);
			runOnlyForDeploymentPostprocessing = 0;
		};
/* End PBXSourcesBuildPhase section */

/* Begin PBXTargetDependency section */
		4A982C5927C5EE85006BF17B /* PBXTargetDependency */ = {
			isa = PBXTargetDependency;
			target = 4A982C4627C5EE83006BF17B /* weather */;
			targetProxy = 4A982C5827C5EE85006BF17B /* PBXContainerItemProxy */;
		};
		4A982C6327C5EE85006BF17B /* PBXTargetDependency */ = {
			isa = PBXTargetDependency;
			target = 4A982C4627C5EE83006BF17B /* weather */;
			targetProxy = 4A982C6227C5EE85006BF17B /* PBXContainerItemProxy */;
		};
/* End PBXTargetDependency section */

/* Begin XCBuildConfiguration section */
		4A982C6927C5EE85006BF17B /* Debug */ = {
			isa = XCBuildConfiguration;
			buildSettings = {
				ALWAYS_SEARCH_USER_PATHS = NO;
				CLANG_ANALYZER_NONNULL = YES;
				CLANG_ANALYZER_NUMBER_OBJECT_CONVERSION = YES_AGGRESSIVE;
				CLANG_CXX_LANGUAGE_STANDARD = "gnu++17";
				CLANG_CXX_LIBRARY = "libc++";
				CLANG_ENABLE_MODULES = YES;
				CLANG_ENABLE_OBJC_ARC = YES;
				CLANG_ENABLE_OBJC_WEAK = YES;
				CLANG_WARN_BLOCK_CAPTURE_AUTORELEASING = YES;
				CLANG_WARN_BOOL_CONVERSION = YES;
				CLANG_WARN_COMMA = YES;
				CLANG_WARN_CONSTANT_CONVERSION = YES;
				CLANG_WARN_DEPRECATED_OBJC_IMPLEMENTATIONS = YES;
				CLANG_WARN_DIRECT_OBJC_ISA_USAGE = YES_ERROR;
				CLANG_WARN_DOCUMENTATION_COMMENTS = YES;
				CLANG_WARN_EMPTY_BODY = YES;
				CLANG_WARN_ENUM_CONVERSION = YES;
				CLANG_WARN_INFINITE_RECURSION = YES;
				CLANG_WARN_INT_CONVERSION = YES;
				CLANG_WARN_NON_LITERAL_NULL_CONVERSION = YES;
				CLANG_WARN_OBJC_IMPLICIT_RETAIN_SELF = YES;
				CLANG_WARN_OBJC_LITERAL_CONVERSION = YES;
				CLANG_WARN_OBJC_ROOT_CLASS = YES_ERROR;
				CLANG_WARN_QUOTED_INCLUDE_IN_FRAMEWORK_HEADER = YES;
				CLANG_WARN_RANGE_LOOP_ANALYSIS = YES;
				CLANG_WARN_STRICT_PROTOTYPES = YES;
				CLANG_WARN_SUSPICIOUS_MOVE = YES;
				CLANG_WARN_UNGUARDED_AVAILABILITY = YES_AGGRESSIVE;
				CLANG_WARN_UNREACHABLE_CODE = YES;
				CLANG_WARN__DUPLICATE_METHOD_MATCH = YES;
				COPY_PHASE_STRIP = NO;
				DEBUG_INFORMATION_FORMAT = dwarf;
				ENABLE_STRICT_OBJC_MSGSEND = YES;
				ENABLE_TESTABILITY = YES;
				GCC_C_LANGUAGE_STANDARD = gnu11;
				GCC_DYNAMIC_NO_PIC = NO;
				GCC_NO_COMMON_BLOCKS = YES;
				GCC_OPTIMIZATION_LEVEL = 0;
				GCC_PREPROCESSOR_DEFINITIONS = (
					"DEBUG=1",
					"$(inherited)",
				);
				GCC_WARN_64_TO_32_BIT_CONVERSION = YES;
				GCC_WARN_ABOUT_RETURN_TYPE = YES_ERROR;
				GCC_WARN_UNDECLARED_SELECTOR = YES;
				GCC_WARN_UNINITIALIZED_AUTOS = YES_AGGRESSIVE;
				GCC_WARN_UNUSED_FUNCTION = YES;
				GCC_WARN_UNUSED_VARIABLE = YES;
				IPHONEOS_DEPLOYMENT_TARGET = 15.2;
				MTL_ENABLE_DEBUG_INFO = INCLUDE_SOURCE;
				MTL_FAST_MATH = YES;
				ONLY_ACTIVE_ARCH = YES;
				SDKROOT = iphoneos;
				SWIFT_ACTIVE_COMPILATION_CONDITIONS = DEBUG;
				SWIFT_OPTIMIZATION_LEVEL = "-Onone";
			};
			name = Debug;
		};
		4A982C6A27C5EE85006BF17B /* Release */ = {
			isa = XCBuildConfiguration;
			buildSettings = {
				ALWAYS_SEARCH_USER_PATHS = NO;
				CLANG_ANALYZER_NONNULL = YES;
				CLANG_ANALYZER_NUMBER_OBJECT_CONVERSION = YES_AGGRESSIVE;
				CLANG_CXX_LANGUAGE_STANDARD = "gnu++17";
				CLANG_CXX_LIBRARY = "libc++";
				CLANG_ENABLE_MODULES = YES;
				CLANG_ENABLE_OBJC_ARC = YES;
				CLANG_ENABLE_OBJC_WEAK = YES;
				CLANG_WARN_BLOCK_CAPTURE_AUTORELEASING = YES;
				CLANG_WARN_BOOL_CONVERSION = YES;
				CLANG_WARN_COMMA = YES;
				CLANG_WARN_CONSTANT_CONVERSION = YES;
				CLANG_WARN_DEPRECATED_OBJC_IMPLEMENTATIONS = YES;
				CLANG_WARN_DIRECT_OBJC_ISA_USAGE = YES_ERROR;
				CLANG_WARN_DOCUMENTATION_COMMENTS = YES;
				CLANG_WARN_EMPTY_BODY = YES;
				CLANG_WARN_ENUM_CONVERSION = YES;
				CLANG_WARN_INFINITE_RECURSION = YES;
				CLANG_WARN_INT_CONVERSION = YES;
				CLANG_WARN_NON_LITERAL_NULL_CONVERSION = YES;
				CLANG_WARN_OBJC_IMPLICIT_RETAIN_SELF = YES;
				CLANG_WARN_OBJC_LITERAL_CONVERSION = YES;
				CLANG_WARN_OBJC_ROOT_CLASS = YES_ERROR;
				CLANG_WARN_QUOTED_INCLUDE_IN_FRAMEWORK_HEADER = YES;
				CLANG_WARN_RANGE_LOOP_ANALYSIS = YES;
				CLANG_WARN_STRICT_PROTOTYPES = YES;
				CLANG_WARN_SUSPICIOUS_MOVE = YES;
				CLANG_WARN_UNGUARDED_AVAILABILITY = YES_AGGRESSIVE;
				CLANG_WARN_UNREACHABLE_CODE = YES;
				CLANG_WARN__DUPLICATE_METHOD_MATCH = YES;
				COPY_PHASE_STRIP = NO;
				DEBUG_INFORMATION_FORMAT = "dwarf-with-dsym";
				ENABLE_NS_ASSERTIONS = NO;
				ENABLE_STRICT_OBJC_MSGSEND = YES;
				GCC_C_LANGUAGE_STANDARD = gnu11;
				GCC_NO_COMMON_BLOCKS = YES;
				GCC_WARN_64_TO_32_BIT_CONVERSION = YES;
				GCC_WARN_ABOUT_RETURN_TYPE = YES_ERROR;
				GCC_WARN_UNDECLARED_SELECTOR = YES;
				GCC_WARN_UNINITIALIZED_AUTOS = YES_AGGRESSIVE;
				GCC_WARN_UNUSED_FUNCTION = YES;
				GCC_WARN_UNUSED_VARIABLE = YES;
				IPHONEOS_DEPLOYMENT_TARGET = 15.2;
				MTL_ENABLE_DEBUG_INFO = NO;
				MTL_FAST_MATH = YES;
				SDKROOT = iphoneos;
				SWIFT_COMPILATION_MODE = wholemodule;
				SWIFT_OPTIMIZATION_LEVEL = "-O";
				VALIDATE_PRODUCT = YES;
			};
			name = Release;
		};
		4A982C6C27C5EE85006BF17B /* Debug */ = {
			isa = XCBuildConfiguration;
			buildSettings = {
				ASSETCATALOG_COMPILER_APPICON_NAME = AppIcon;
				ASSETCATALOG_COMPILER_GLOBAL_ACCENT_COLOR_NAME = AccentColor;
				CODE_SIGN_STYLE = Automatic;
				CURRENT_PROJECT_VERSION = 1;
				DEVELOPMENT_ASSET_PATHS = "\"weather/Preview Content\"";
				ENABLE_PREVIEWS = YES;
				GENERATE_INFOPLIST_FILE = YES;
				INFOPLIST_KEY_UIApplicationSceneManifest_Generation = YES;
				INFOPLIST_KEY_UIApplicationSupportsIndirectInputEvents = YES;
				INFOPLIST_KEY_UILaunchScreen_Generation = YES;
				INFOPLIST_KEY_UISupportedInterfaceOrientations_iPad = "UIInterfaceOrientationPortrait UIInterfaceOrientationPortraitUpsideDown UIInterfaceOrientationLandscapeLeft UIInterfaceOrientationLandscapeRight";
				INFOPLIST_KEY_UISupportedInterfaceOrientations_iPhone = "UIInterfaceOrientationPortrait UIInterfaceOrientationLandscapeLeft UIInterfaceOrientationLandscapeRight";
				LD_RUNPATH_SEARCH_PATHS = (
					"$(inherited)",
					"@executable_path/Frameworks",
				);
				MARKETING_VERSION = 1.0;
				PRODUCT_BUNDLE_IDENTIFIER = lwt.weather;
				PRODUCT_NAME = "$(TARGET_NAME)";
				SWIFT_EMIT_LOC_STRINGS = YES;
				SWIFT_VERSION = 5.0;
				TARGETED_DEVICE_FAMILY = "1,2";
			};
			name = Debug;
		};
		4A982C6D27C5EE85006BF17B /* Release */ = {
			isa = XCBuildConfiguration;
			buildSettings = {
				ASSETCATALOG_COMPILER_APPICON_NAME = AppIcon;
				ASSETCATALOG_COMPILER_GLOBAL_ACCENT_COLOR_NAME = AccentColor;
				CODE_SIGN_STYLE = Automatic;
				CURRENT_PROJECT_VERSION = 1;
				DEVELOPMENT_ASSET_PATHS = "\"weather/Preview Content\"";
				ENABLE_PREVIEWS = YES;
				GENERATE_INFOPLIST_FILE = YES;
				INFOPLIST_KEY_UIApplicationSceneManifest_Generation = YES;
				INFOPLIST_KEY_UIApplicationSupportsIndirectInputEvents = YES;
				INFOPLIST_KEY_UILaunchScreen_Generation = YES;
				INFOPLIST_KEY_UISupportedInterfaceOrientations_iPad = "UIInterfaceOrientationPortrait UIInterfaceOrientationPortraitUpsideDown UIInterfaceOrientationLandscapeLeft UIInterfaceOrientationLandscapeRight";
				INFOPLIST_KEY_UISupportedInterfaceOrientations_iPhone = "UIInterfaceOrientationPortrait UIInterfaceOrientationLandscapeLeft UIInterfaceOrientationLandscapeRight";
				LD_RUNPATH_SEARCH_PATHS = (
					"$(inherited)",
					"@executable_path/Frameworks",
				);
				MARKETING_VERSION = 1.0;
				PRODUCT_BUNDLE_IDENTIFIER = lwt.weather;
				PRODUCT_NAME = "$(TARGET_NAME)";
				SWIFT_EMIT_LOC_STRINGS = YES;
				SWIFT_VERSION = 5.0;
				TARGETED_DEVICE_FAMILY = "1,2";
			};
			name = Release;
		};
		4A982C6F27C5EE85006BF17B /* Debug */ = {
			isa = XCBuildConfiguration;
			buildSettings = {
				ALWAYS_EMBED_SWIFT_STANDARD_LIBRARIES = YES;
				BUNDLE_LOADER = "$(TEST_HOST)";
				CODE_SIGN_STYLE = Automatic;
				CURRENT_PROJECT_VERSION = 1;
				GENERATE_INFOPLIST_FILE = YES;
				IPHONEOS_DEPLOYMENT_TARGET = 15.2;
				MARKETING_VERSION = 1.0;
				PRODUCT_BUNDLE_IDENTIFIER = lwt.weatherTests;
				PRODUCT_NAME = "$(TARGET_NAME)";
				SWIFT_EMIT_LOC_STRINGS = NO;
				SWIFT_VERSION = 5.0;
				TARGETED_DEVICE_FAMILY = "1,2";
				TEST_HOST = "$(BUILT_PRODUCTS_DIR)/weather.app/weather";
			};
			name = Debug;
		};
		4A982C7027C5EE85006BF17B /* Release */ = {
			isa = XCBuildConfiguration;
			buildSettings = {
				ALWAYS_EMBED_SWIFT_STANDARD_LIBRARIES = YES;
				BUNDLE_LOADER = "$(TEST_HOST)";
				CODE_SIGN_STYLE = Automatic;
				CURRENT_PROJECT_VERSION = 1;
				GENERATE_INFOPLIST_FILE = YES;
				IPHONEOS_DEPLOYMENT_TARGET = 15.2;
				MARKETING_VERSION = 1.0;
				PRODUCT_BUNDLE_IDENTIFIER = lwt.weatherTests;
				PRODUCT_NAME = "$(TARGET_NAME)";
				SWIFT_EMIT_LOC_STRINGS = NO;
				SWIFT_VERSION = 5.0;
				TARGETED_DEVICE_FAMILY = "1,2";
				TEST_HOST = "$(BUILT_PRODUCTS_DIR)/weather.app/weather";
			};
			name = Release;
		};
		4A982C7227C5EE85006BF17B /* Debug */ = {
			isa = XCBuildConfiguration;
			buildSettings = {
				ALWAYS_EMBED_SWIFT_STANDARD_LIBRARIES = YES;
				CODE_SIGN_STYLE = Automatic;
				CURRENT_PROJECT_VERSION = 1;
				GENERATE_INFOPLIST_FILE = YES;
				MARKETING_VERSION = 1.0;
				PRODUCT_BUNDLE_IDENTIFIER = lwt.weatherUITests;
				PRODUCT_NAME = "$(TARGET_NAME)";
				SWIFT_EMIT_LOC_STRINGS = NO;
				SWIFT_VERSION = 5.0;
				TARGETED_DEVICE_FAMILY = "1,2";
				TEST_TARGET_NAME = weather;
			};
			name = Debug;
		};
		4A982C7327C5EE85006BF17B /* Release */ = {
			isa = XCBuildConfiguration;
			buildSettings = {
				ALWAYS_EMBED_SWIFT_STANDARD_LIBRARIES = YES;
				CODE_SIGN_STYLE = Automatic;
				CURRENT_PROJECT_VERSION = 1;
				GENERATE_INFOPLIST_FILE = YES;
				MARKETING_VERSION = 1.0;
				PRODUCT_BUNDLE_IDENTIFIER = lwt.weatherUITests;
				PRODUCT_NAME = "$(TARGET_NAME)";
				SWIFT_EMIT_LOC_STRINGS = NO;
				SWIFT_VERSION = 5.0;
				TARGETED_DEVICE_FAMILY = "1,2";
				TEST_TARGET_NAME = weather;
			};
			name = Release;
		};
/* End XCBuildConfiguration section */

/* Begin XCConfigurationList section */
		4A982C4227C5EE83006BF17B /* Build configuration list for PBXProject "weather" */ = {
			isa = XCConfigurationList;
			buildConfigurations = (
				4A982C6927C5EE85006BF17B /* Debug */,
				4A982C6A27C5EE85006BF17B /* Release */,
			);
			defaultConfigurationIsVisible = 0;
			defaultConfigurationName = Release;
		};
		4A982C6B27C5EE85006BF17B /* Build configuration list for PBXNativeTarget "weather" */ = {
			isa = XCConfigurationList;
			buildConfigurations = (
				4A982C6C27C5EE85006BF17B /* Debug */,
				4A982C6D27C5EE85006BF17B /* Release */,
			);
			defaultConfigurationIsVisible = 0;
			defaultConfigurationName = Release;
		};
		4A982C6E27C5EE85006BF17B /* Build configuration list for PBXNativeTarget "weatherTests" */ = {
			isa = XCConfigurationList;
			buildConfigurations = (
				4A982C6F27C5EE85006BF17B /* Debug */,
				4A982C7027C5EE85006BF17B /* Release */,
			);
			defaultConfigurationIsVisible = 0;
			defaultConfigurationName = Release;
		};
		4A982C7127C5EE85006BF17B /* Build configuration list for PBXNativeTarget "weatherUITests" */ = {
			isa = XCConfigurationList;
			buildConfigurations = (
				4A982C7227C5EE85006BF17B /* Debug */,
				4A982C7327C5EE85006BF17B /* Release */,
			);
			defaultConfigurationIsVisible = 0;
			defaultConfigurationName = Release;
		};
/* End XCConfigurationList section */
	};
	rootObject = 4A982C3F27C5EE83006BF17B /* Project object */;
}
